
Microsoft Visual Studio Solution File, Format Version 12.00
# Visual Studio Version 17
VisualStudioVersion = 17.11.35219.272
MinimumVisualStudioVersion = 10.0.40219.1
Project("{FAE04EC0-301F-11D3-BF4B-00C04F79EFBC}") = "ADO", "ADO\ADO.csproj", "{AEAF1CB1-05D2-4DB3-B7B6-F2B9C0359249}"
EndProject
Global
	GlobalSection(SolutionConfigurationPlatforms) = preSolution
		Debug|Any CPU = Debug|Any CPU
		Release|Any CPU = Release|Any CPU
	EndGlobalSection
	GlobalSection(ProjectConfigurationPlatforms) = postSolution
		{AEAF1CB1-05D2-4DB3-B7B6-F2B9C0359249}.Debug|Any CPU.ActiveCfg = Debug|Any CPU
		{AEAF1CB1-05D2-4DB3-B7B6-F2B9C0359249}.Debug|Any CPU.Build.0 = Debug|Any CPU
		{AEAF1CB1-05D2-4DB3-B7B6-F2B9C0359249}.Release|Any CPU.ActiveCfg = Release|Any CPU
		{AEAF1CB1-05D2-4DB3-B7B6-F2B9C0359249}.Release|Any CPU.Build.0 = Release|Any CPU
	EndGlobalSection
	GlobalSection(SolutionProperties) = preSolution
		HideSolutionNode = FALSE
	EndGlobalSection
	GlobalSection(ExtensibilityGlobals) = postSolution
		SolutionGuid = {74A5AFFB-6A6A-4996-805F-BEA1A9CEF1CC}
	EndGlobalSection
EndGlobal
