
Microsoft Visual Studio Solution File, Format Version 12.00
# Visual Studio Version 17
VisualStudioVersion = 17.11.35219.272
MinimumVisualStudioVersion = 10.0.40219.1
Project("{FAE04EC0-301F-11D3-BF4B-00C04F79EFBC}") = "Entity framework", "Entity framework\Entity framework.csproj", "{221B4327-B27B-4F8B-933D-7DAC6A63A7E2}"
EndProject
Global
	GlobalSection(SolutionConfigurationPlatforms) = preSolution
		Debug|Any CPU = Debug|Any CPU
		Release|Any CPU = Release|Any CPU
	EndGlobalSection
	GlobalSection(ProjectConfigurationPlatforms) = postSolution
		{221B4327-B27B-4F8B-933D-7DAC6A63A7E2}.Debug|Any CPU.ActiveCfg = Debug|Any CPU
		{221B4327-B27B-4F8B-933D-7DAC6A63A7E2}.Debug|Any CPU.Build.0 = Debug|Any CPU
		{221B4327-B27B-4F8B-933D-7DAC6A63A7E2}.Release|Any CPU.ActiveCfg = Release|Any CPU
		{221B4327-B27B-4F8B-933D-7DAC6A63A7E2}.Release|Any CPU.Build.0 = Release|Any CPU
	EndGlobalSection
	GlobalSection(SolutionProperties) = preSolution
		HideSolutionNode = FALSE
	EndGlobalSection
	GlobalSection(ExtensibilityGlobals) = postSolution
		SolutionGuid = {BBA932F8-E2E7-46E0-8A3C-C5EB97F80A2A}
	EndGlobalSection
EndGlobal
